
Microsoft Visual Studio Solution File, Format Version 12.00
# Visual Studio Version 17
VisualStudioVersion = 17.9.34902.65
MinimumVisualStudioVersion = 10.0.40219.1
Project("{FAE04EC0-301F-11D3-BF4B-00C04F79EFBC}") = "mcv2", "mcv2\mcv2.csproj", "{21A2FA6F-CC97-4502-AFC0-513DFB5C0251}"
EndProject
Global
	GlobalSection(SolutionConfigurationPlatforms) = preSolution
		Debug|Any CPU = Debug|Any CPU
		Release|Any CPU = Release|Any CPU
	EndGlobalSection
	GlobalSection(ProjectConfigurationPlatforms) = postSolution
		{21A2FA6F-CC97-4502-AFC0-513DFB5C0251}.Debug|Any CPU.ActiveCfg = Debug|Any CPU
		{21A2FA6F-CC97-4502-AFC0-513DFB5C0251}.Debug|Any CPU.Build.0 = Debug|Any CPU
		{21A2FA6F-CC97-4502-AFC0-513DFB5C0251}.Release|Any CPU.ActiveCfg = Release|Any CPU
		{21A2FA6F-CC97-4502-AFC0-513DFB5C0251}.Release|Any CPU.Build.0 = Release|Any CPU
	EndGlobalSection
	GlobalSection(SolutionProperties) = preSolution
		HideSolutionNode = FALSE
	EndGlobalSection
	GlobalSection(ExtensibilityGlobals) = postSolution
		SolutionGuid = {E657B7F2-CC8F-4A23-94A7-E1CA2FA8377C}
	EndGlobalSection
EndGlobal
